
Microsoft Visual Studio Solution File, Format Version 12.00
# Visual Studio Version 17
VisualStudioVersion = 17.4.33213.308
MinimumVisualStudioVersion = 10.0.40219.1
Project("{FAE04EC0-301F-11D3-BF4B-00C04F79EFBC}") = "Liikunta", "Liikunta\Liikunta.csproj", "{86F595BF-FF8D-46C5-882F-D78E3DECEE00}"
EndProject
Global
	GlobalSection(SolutionConfigurationPlatforms) = preSolution
		Debug|Any CPU = Debug|Any CPU
		Release|Any CPU = Release|Any CPU
	EndGlobalSection
	GlobalSection(ProjectConfigurationPlatforms) = postSolution
		{86F595BF-FF8D-46C5-882F-D78E3DECEE00}.Debug|Any CPU.ActiveCfg = Debug|Any CPU
		{86F595BF-FF8D-46C5-882F-D78E3DECEE00}.Debug|Any CPU.Build.0 = Debug|Any CPU
		{86F595BF-FF8D-46C5-882F-D78E3DECEE00}.Release|Any CPU.ActiveCfg = Release|Any CPU
		{86F595BF-FF8D-46C5-882F-D78E3DECEE00}.Release|Any CPU.Build.0 = Release|Any CPU
	EndGlobalSection
	GlobalSection(SolutionProperties) = preSolution
		HideSolutionNode = FALSE
	EndGlobalSection
	GlobalSection(ExtensibilityGlobals) = postSolution
		SolutionGuid = {A2397ABF-6340-477F-85FD-0A8528604BA2}
	EndGlobalSection
EndGlobal
